
Microsoft Visual Studio Solution File, Format Version 12.00
# Visual Studio Version 17
VisualStudioVersion = 17.6.33723.286
MinimumVisualStudioVersion = 10.0.40219.1
Project("{FAE04EC0-301F-11D3-BF4B-00C04F79EFBC}") = "EventhubsProducerExample", "EventhubsProducerExample\EventhubsProducerExample.csproj", "{B2FB8D01-B274-469B-9BB9-30D073644EBB}"
EndProject
Global
	GlobalSection(SolutionConfigurationPlatforms) = preSolution
		Debug|Any CPU = Debug|Any CPU
		Release|Any CPU = Release|Any CPU
	EndGlobalSection
	GlobalSection(ProjectConfigurationPlatforms) = postSolution
		{B2FB8D01-B274-469B-9BB9-30D073644EBB}.Debug|Any CPU.ActiveCfg = Debug|Any CPU
		{B2FB8D01-B274-469B-9BB9-30D073644EBB}.Debug|Any CPU.Build.0 = Debug|Any CPU
		{B2FB8D01-B274-469B-9BB9-30D073644EBB}.Release|Any CPU.ActiveCfg = Release|Any CPU
		{B2FB8D01-B274-469B-9BB9-30D073644EBB}.Release|Any CPU.Build.0 = Release|Any CPU
	EndGlobalSection
	GlobalSection(SolutionProperties) = preSolution
		HideSolutionNode = FALSE
	EndGlobalSection
	GlobalSection(ExtensibilityGlobals) = postSolution
		SolutionGuid = {400C7A78-6A07-4C95-A444-0C89F51EB9EB}
	EndGlobalSection
EndGlobal
